
Microsoft Visual Studio Solution File, Format Version 10.00
# Visual C++ Express 2008
Project("{8BC9CEB8-8B4A-11D0-8D11-00A0C91BC942}") = "maketris", "maketris.vcproj", "{5588DFAF-E9DD-403C-8002-AE2902662197}"
EndProject
Global
	GlobalSection(SolutionConfigurationPlatforms) = preSolution
		Debug|Win32 = Debug|Win32
		Release|Win32 = Release|Win32
	EndGlobalSection
	GlobalSection(ProjectConfigurationPlatforms) = postSolution
		{5588DFAF-E9DD-403C-8002-AE2902662197}.Debug|Win32.ActiveCfg = Debug|Win32
		{5588DFAF-E9DD-403C-8002-AE2902662197}.Debug|Win32.Build.0 = Debug|Win32
		{5588DFAF-E9DD-403C-8002-AE2902662197}.Release|Win32.ActiveCfg = Release|Win32
		{5588DFAF-E9DD-403C-8002-AE2902662197}.Release|Win32.Build.0 = Release|Win32
	EndGlobalSection
	GlobalSection(SolutionProperties) = preSolution
		HideSolutionNode = FALSE
	EndGlobalSection
EndGlobal
